// !$*UTF8*$!
{
	archiveVersion = 1;
	classes = {
	};
	objectVersion = 56;
	objects = {

/* Begin PBXBuildFile section */
		DF11EBC72E47463700A692B4 /* SubscriptionModel.swift in Sources */ = {isa = PBXBuildFile; fileRef = DF11EBC62E47463700A692B4 /* SubscriptionModel.swift */; };
		DF11EBCC2E47538C00A692B4 /* SubScriptionHomeRowView.swift in Sources */ = {isa = PBXBuildFile; fileRef = DF11EBCB2E47538C00A692B4 /* SubScriptionHomeRowView.swift */; };
		DF11EBCE2E4754F000A692B4 /* UpcomingBillRowView.swift in Sources */ = {isa = PBXBuildFile; fileRef = DF11EBCD2E4754F000A692B4 /* UpcomingBillRowView.swift */; };
		DF11EBD02E47574600A692B4 /* StatusButtonView.swift in Sources */ = {isa = PBXBuildFile; fileRef = DF11EBCF2E47574600A692B4 /* StatusButtonView.swift */; };
		DF11EBD22E47591700A692B4 /* ArcShapeView.swift in Sources */ = {isa = PBXBuildFile; fileRef = DF11EBD12E47591700A692B4 /* ArcShapeView.swift */; };
		DF3C668C2E4618C800E54555 /* PrimaryButtonView.swift in Sources */ = {isa = PBXBuildFile; fileRef = DF3C668B2E4618C800E54555 /* PrimaryButtonView.swift */; };
		DF3C668E2E461A0300E54555 /* SecondaryButtonView.swift in Sources */ = {isa = PBXBuildFile; fileRef = DF3C668D2E461A0300E54555 /* SecondaryButtonView.swift */; };
		DF3C66902E46202B00E54555 /* SocialSignUpView.swift in Sources */ = {isa = PBXBuildFile; fileRef = DF3C668F2E46202B00E54555 /* SocialSignUpView.swift */; };
		DF8CC2F02E3CDE08007CD33B /* TrackizerApp.swift in Sources */ = {isa = PBXBuildFile; fileRef = DF8CC2EF2E3CDE08007CD33B /* TrackizerApp.swift */; };
		DF8CC2F42E3CDE09007CD33B /* Assets.xcassets in Resources */ = {isa = PBXBuildFile; fileRef = DF8CC2F32E3CDE09007CD33B /* Assets.xcassets */; };
		DF8CC2F72E3CDE09007CD33B /* Preview Assets.xcassets in Resources */ = {isa = PBXBuildFile; fileRef = DF8CC2F62E3CDE09007CD33B /* Preview Assets.xcassets */; };
		DF8CC30A2E3CE083007CD33B /* Inter-Medium.ttf in Resources */ = {isa = PBXBuildFile; fileRef = DF8CC3062E3CE083007CD33B /* Inter-Medium.ttf */; };
		DF8CC30B2E3CE083007CD33B /* Inter-Bold.ttf in Resources */ = {isa = PBXBuildFile; fileRef = DF8CC3072E3CE083007CD33B /* Inter-Bold.ttf */; };
		DF8CC30C2E3CE083007CD33B /* Inter-SemiBold.ttf in Resources */ = {isa = PBXBuildFile; fileRef = DF8CC3082E3CE083007CD33B /* Inter-SemiBold.ttf */; };
		DF8CC30D2E3CE083007CD33B /* Inter-Regular.ttf in Resources */ = {isa = PBXBuildFile; fileRef = DF8CC3092E3CE083007CD33B /* Inter-Regular.ttf */; };
		DFB1764E2E46695600467241 /* MainTabView.swift in Sources */ = {isa = PBXBuildFile; fileRef = DFB1764D2E46695600467241 /* MainTabView.swift */; };
		DFB176502E466FF100467241 /* HomeView.swift in Sources */ = {isa = PBXBuildFile; fileRef = DFB1764F2E466FF100467241 /* HomeView.swift */; };
		DFB176522E4672C700467241 /* SegmentButtonView.swift in Sources */ = {isa = PBXBuildFile; fileRef = DFB176512E4672C700467241 /* SegmentButtonView.swift */; };
		DFC739E52E45F64F00871273 /* UIExtensions.swift in Sources */ = {isa = PBXBuildFile; fileRef = DFC739E42E45F64F00871273 /* UIExtensions.swift */; };
		DFC739E72E45F70F00871273 /* WelcomeView.swift in Sources */ = {isa = PBXBuildFile; fileRef = DFC739E62E45F70F00871273 /* WelcomeView.swift */; };
		DFE61D0F2E463EB000162F24 /* SignUpView.swift in Sources */ = {isa = PBXBuildFile; fileRef = DFE61D0E2E463EB000162F24 /* SignUpView.swift */; };
		DFE61D112E46414F00162F24 /* RoundTextFieldView.swift in Sources */ = {isa = PBXBuildFile; fileRef = DFE61D102E46414F00162F24 /* RoundTextFieldView.swift */; };
		DFE61D132E46447A00162F24 /* SignInView.swift in Sources */ = {isa = PBXBuildFile; fileRef = DFE61D122E46447A00162F24 /* SignInView.swift */; };
/* End PBXBuildFile section */

/* Begin PBXFileReference section */
		DF11EBC62E47463700A692B4 /* SubscriptionModel.swift */ = {isa = PBXFileReference; lastKnownFileType = sourcecode.swift; path = SubscriptionModel.swift; sourceTree = "<group>"; };
		DF11EBCB2E47538C00A692B4 /* SubScriptionHomeRowView.swift */ = {isa = PBXFileReference; lastKnownFileType = sourcecode.swift; path = SubScriptionHomeRowView.swift; sourceTree = "<group>"; };
		DF11EBCD2E4754F000A692B4 /* UpcomingBillRowView.swift */ = {isa = PBXFileReference; lastKnownFileType = sourcecode.swift; path = UpcomingBillRowView.swift; sourceTree = "<group>"; };
		DF11EBCF2E47574600A692B4 /* StatusButtonView.swift */ = {isa = PBXFileReference; lastKnownFileType = sourcecode.swift; path = StatusButtonView.swift; sourceTree = "<group>"; };
		DF11EBD12E47591700A692B4 /* ArcShapeView.swift */ = {isa = PBXFileReference; lastKnownFileType = sourcecode.swift; path = ArcShapeView.swift; sourceTree = "<group>"; };
		DF3C668B2E4618C800E54555 /* PrimaryButtonView.swift */ = {isa = PBXFileReference; lastKnownFileType = sourcecode.swift; path = PrimaryButtonView.swift; sourceTree = "<group>"; };
		DF3C668D2E461A0300E54555 /* SecondaryButtonView.swift */ = {isa = PBXFileReference; lastKnownFileType = sourcecode.swift; path = SecondaryButtonView.swift; sourceTree = "<group>"; };
		DF3C668F2E46202B00E54555 /* SocialSignUpView.swift */ = {isa = PBXFileReference; lastKnownFileType = sourcecode.swift; path = SocialSignUpView.swift; sourceTree = "<group>"; };
		DF8CC2EC2E3CDE08007CD33B /* Trackizer.app */ = {isa = PBXFileReference; explicitFileType = wrapper.application; includeInIndex = 0; path = Trackizer.app; sourceTree = BUILT_PRODUCTS_DIR; };
		DF8CC2EF2E3CDE08007CD33B /* TrackizerApp.swift */ = {isa = PBXFileReference; lastKnownFileType = sourcecode.swift; path = TrackizerApp.swift; sourceTree = "<group>"; };
		DF8CC2F32E3CDE09007CD33B /* Assets.xcassets */ = {isa = PBXFileReference; lastKnownFileType = folder.assetcatalog; path = Assets.xcassets; sourceTree = "<group>"; };
		DF8CC2F62E3CDE09007CD33B /* Preview Assets.xcassets */ = {isa = PBXFileReference; lastKnownFileType = folder.assetcatalog; path = "Preview Assets.xcassets"; sourceTree = "<group>"; };
		DF8CC3062E3CE083007CD33B /* Inter-Medium.ttf */ = {isa = PBXFileReference; lastKnownFileType = file; path = "Inter-Medium.ttf"; sourceTree = "<group>"; };
		DF8CC3072E3CE083007CD33B /* Inter-Bold.ttf */ = {isa = PBXFileReference; lastKnownFileType = file; path = "Inter-Bold.ttf"; sourceTree = "<group>"; };
		DF8CC3082E3CE083007CD33B /* Inter-SemiBold.ttf */ = {isa = PBXFileReference; lastKnownFileType = file; path = "Inter-SemiBold.ttf"; sourceTree = "<group>"; };
		DF8CC3092E3CE083007CD33B /* Inter-Regular.ttf */ = {isa = PBXFileReference; lastKnownFileType = file; path = "Inter-Regular.ttf"; sourceTree = "<group>"; };
		DF8CC30E2E3CE09E007CD33B /* Info.plist */ = {isa = PBXFileReference; lastKnownFileType = text.plist; path = Info.plist; sourceTree = "<group>"; };
		DFB1764D2E46695600467241 /* MainTabView.swift */ = {isa = PBXFileReference; lastKnownFileType = sourcecode.swift; path = MainTabView.swift; sourceTree = "<group>"; };
		DFB1764F2E466FF100467241 /* HomeView.swift */ = {isa = PBXFileReference; lastKnownFileType = sourcecode.swift; path = HomeView.swift; sourceTree = "<group>"; };
		DFB176512E4672C700467241 /* SegmentButtonView.swift */ = {isa = PBXFileReference; lastKnownFileType = sourcecode.swift; path = SegmentButtonView.swift; sourceTree = "<group>"; };
		DFC739E42E45F64F00871273 /* UIExtensions.swift */ = {isa = PBXFileReference; fileEncoding = 4; lastKnownFileType = sourcecode.swift; path = UIExtensions.swift; sourceTree = "<group>"; };
		DFC739E62E45F70F00871273 /* WelcomeView.swift */ = {isa = PBXFileReference; lastKnownFileType = sourcecode.swift; path = WelcomeView.swift; sourceTree = "<group>"; };
		DFE61D0E2E463EB000162F24 /* SignUpView.swift */ = {isa = PBXFileReference; lastKnownFileType = sourcecode.swift; path = SignUpView.swift; sourceTree = "<group>"; };
		DFE61D102E46414F00162F24 /* RoundTextFieldView.swift */ = {isa = PBXFileReference; lastKnownFileType = sourcecode.swift; path = RoundTextFieldView.swift; sourceTree = "<group>"; };
		DFE61D122E46447A00162F24 /* SignInView.swift */ = {isa = PBXFileReference; lastKnownFileType = sourcecode.swift; path = SignInView.swift; sourceTree = "<group>"; };
/* End PBXFileReference section */

/* Begin PBXFrameworksBuildPhase section */
		DF8CC2E92E3CDE08007CD33B /* Frameworks */ = {
			isa = PBXFrameworksBuildPhase;
			buildActionMask = 2147483647;
			files = (
			);
			runOnlyForDeploymentPostprocessing = 0;
		};
/* End PBXFrameworksBuildPhase section */

/* Begin PBXGroup section */
		DF8CC2E32E3CDE08007CD33B = {
			isa = PBXGroup;
			children = (
				DF8CC2EE2E3CDE08007CD33B /* Trackizer */,
				DF8CC2ED2E3CDE08007CD33B /* Products */,
			);
			sourceTree = "<group>";
		};
		DF8CC2ED2E3CDE08007CD33B /* Products */ = {
			isa = PBXGroup;
			children = (
				DF8CC2EC2E3CDE08007CD33B /* Trackizer.app */,
			);
			name = Products;
			sourceTree = "<group>";
		};
		DF8CC2EE2E3CDE08007CD33B /* Trackizer */ = {
			isa = PBXGroup;
			children = (
				DF8CC30E2E3CE09E007CD33B /* Info.plist */,
				DF8CC3022E3CDE6B007CD33B /* UICommon */,
				DF8CC3012E3CDE62007CD33B /* Common */,
				DF8CC3002E3CDE5B007CD33B /* Models */,
				DF8CC2FF2E3CDE51007CD33B /* ViewModels */,
				DF8CC2FE2E3CDE48007CD33B /* Views */,
				DF8CC2FD2E3CDE3E007CD33B /* Fonts */,
				DF8CC2EF2E3CDE08007CD33B /* TrackizerApp.swift */,
				DF8CC2F32E3CDE09007CD33B /* Assets.xcassets */,
				DF8CC2F52E3CDE09007CD33B /* Preview Content */,
			);
			path = Trackizer;
			sourceTree = "<group>";
		};
		DF8CC2F52E3CDE09007CD33B /* Preview Content */ = {
			isa = PBXGroup;
			children = (
				DF8CC2F62E3CDE09007CD33B /* Preview Assets.xcassets */,
			);
			path = "Preview Content";
			sourceTree = "<group>";
		};
		DF8CC2FD2E3CDE3E007CD33B /* Fonts */ = {
			isa = PBXGroup;
			children = (
				DF8CC3072E3CE083007CD33B /* Inter-Bold.ttf */,
				DF8CC3062E3CE083007CD33B /* Inter-Medium.ttf */,
				DF8CC3092E3CE083007CD33B /* Inter-Regular.ttf */,
				DF8CC3082E3CE083007CD33B /* Inter-SemiBold.ttf */,
			);
			path = Fonts;
			sourceTree = "<group>";
		};
		DF8CC2FE2E3CDE48007CD33B /* Views */ = {
			isa = PBXGroup;
			children = (
				DF8CC3052E3CDE95007CD33B /* MainTab */,
				DF8CC3042E3CDE8C007CD33B /* Home */,
				DF8CC3032E3CDE7D007CD33B /* Login */,
			);
			path = Views;
			sourceTree = "<group>";
		};
		DF8CC2FF2E3CDE51007CD33B /* ViewModels */ = {
			isa = PBXGroup;
			children = (
			);
			path = ViewModels;
			sourceTree = "<group>";
		};
		DF8CC3002E3CDE5B007CD33B /* Models */ = {
			isa = PBXGroup;
			children = (
				DF11EBC62E47463700A692B4 /* SubscriptionModel.swift */,
			);
			path = Models;
			sourceTree = "<group>";
		};
		DF8CC3012E3CDE62007CD33B /* Common */ = {
			isa = PBXGroup;
			children = (
			);
			path = Common;
			sourceTree = "<group>";
		};
		DF8CC3022E3CDE6B007CD33B /* UICommon */ = {
			isa = PBXGroup;
			children = (
				DFC739E42E45F64F00871273 /* UIExtensions.swift */,
				DF3C668B2E4618C800E54555 /* PrimaryButtonView.swift */,
				DF3C668D2E461A0300E54555 /* SecondaryButtonView.swift */,
				DFE61D102E46414F00162F24 /* RoundTextFieldView.swift */,
				DFB176512E4672C700467241 /* SegmentButtonView.swift */,
				DF11EBCB2E47538C00A692B4 /* SubScriptionHomeRowView.swift */,
				DF11EBCD2E4754F000A692B4 /* UpcomingBillRowView.swift */,
				DF11EBCF2E47574600A692B4 /* StatusButtonView.swift */,
				DF11EBD12E47591700A692B4 /* ArcShapeView.swift */,
			);
			path = UICommon;
			sourceTree = "<group>";
		};
		DF8CC3032E3CDE7D007CD33B /* Login */ = {
			isa = PBXGroup;
			children = (
				DFC739E62E45F70F00871273 /* WelcomeView.swift */,
				DF3C668F2E46202B00E54555 /* SocialSignUpView.swift */,
				DFE61D0E2E463EB000162F24 /* SignUpView.swift */,
				DFE61D122E46447A00162F24 /* SignInView.swift */,
			);
			path = Login;
			sourceTree = "<group>";
		};
		DF8CC3042E3CDE8C007CD33B /* Home */ = {
			isa = PBXGroup;
			children = (
				DFB1764F2E466FF100467241 /* HomeView.swift */,
			);
			path = Home;
			sourceTree = "<group>";
		};
		DF8CC3052E3CDE95007CD33B /* MainTab */ = {
			isa = PBXGroup;
			children = (
				DFB1764D2E46695600467241 /* MainTabView.swift */,
			);
			path = MainTab;
			sourceTree = "<group>";
		};
/* End PBXGroup section */

/* Begin PBXNativeTarget section */
		DF8CC2EB2E3CDE08007CD33B /* Trackizer */ = {
			isa = PBXNativeTarget;
			buildConfigurationList = DF8CC2FA2E3CDE09007CD33B /* Build configuration list for PBXNativeTarget "Trackizer" */;
			buildPhases = (
				DF8CC2E82E3CDE08007CD33B /* Sources */,
				DF8CC2E92E3CDE08007CD33B /* Frameworks */,
				DF8CC2EA2E3CDE08007CD33B /* Resources */,
			);
			buildRules = (
			);
			dependencies = (
			);
			name = Trackizer;
			productName = Trackizer;
			productReference = DF8CC2EC2E3CDE08007CD33B /* Trackizer.app */;
			productType = "com.apple.product-type.application";
		};
/* End PBXNativeTarget section */

/* Begin PBXProject section */
		DF8CC2E42E3CDE08007CD33B /* Project object */ = {
			isa = PBXProject;
			attributes = {
				BuildIndependentTargetsInParallel = 1;
				LastSwiftUpdateCheck = 1540;
				LastUpgradeCheck = 1540;
				TargetAttributes = {
					DF8CC2EB2E3CDE08007CD33B = {
						CreatedOnToolsVersion = 15.4;
					};
				};
			};
			buildConfigurationList = DF8CC2E72E3CDE08007CD33B /* Build configuration list for PBXProject "Trackizer" */;
			compatibilityVersion = "Xcode 14.0";
			developmentRegion = en;
			hasScannedForEncodings = 0;
			knownRegions = (
				en,
				Base,
			);
			mainGroup = DF8CC2E32E3CDE08007CD33B;
			productRefGroup = DF8CC2ED2E3CDE08007CD33B /* Products */;
			projectDirPath = "";
			projectRoot = "";
			targets = (
				DF8CC2EB2E3CDE08007CD33B /* Trackizer */,
			);
		};
/* End PBXProject section */

/* Begin PBXResourcesBuildPhase section */
		DF8CC2EA2E3CDE08007CD33B /* Resources */ = {
			isa = PBXResourcesBuildPhase;
			buildActionMask = 2147483647;
			files = (
				DF8CC2F72E3CDE09007CD33B /* Preview Assets.xcassets in Resources */,
				DF8CC2F42E3CDE09007CD33B /* Assets.xcassets in Resources */,
				DF8CC30B2E3CE083007CD33B /* Inter-Bold.ttf in Resources */,
				DF8CC30C2E3CE083007CD33B /* Inter-SemiBold.ttf in Resources */,
				DF8CC30D2E3CE083007CD33B /* Inter-Regular.ttf in Resources */,
				DF8CC30A2E3CE083007CD33B /* Inter-Medium.ttf in Resources */,
			);
			runOnlyForDeploymentPostprocessing = 0;
		};
/* End PBXResourcesBuildPhase section */

/* Begin PBXSourcesBuildPhase section */
		DF8CC2E82E3CDE08007CD33B /* Sources */ = {
			isa = PBXSourcesBuildPhase;
			buildActionMask = 2147483647;
			files = (
				DFE61D132E46447A00162F24 /* SignInView.swift in Sources */,
				DF11EBCE2E4754F000A692B4 /* UpcomingBillRowView.swift in Sources */,
				DFC739E52E45F64F00871273 /* UIExtensions.swift in Sources */,
				DF11EBD22E47591700A692B4 /* ArcShapeView.swift in Sources */,
				DF3C66902E46202B00E54555 /* SocialSignUpView.swift in Sources */,
				DF11EBCC2E47538C00A692B4 /* SubScriptionHomeRowView.swift in Sources */,
				DF3C668C2E4618C800E54555 /* PrimaryButtonView.swift in Sources */,
				DFB176522E4672C700467241 /* SegmentButtonView.swift in Sources */,
				DFE61D0F2E463EB000162F24 /* SignUpView.swift in Sources */,
				DFB176502E466FF100467241 /* HomeView.swift in Sources */,
				DF3C668E2E461A0300E54555 /* SecondaryButtonView.swift in Sources */,
				DF8CC2F02E3CDE08007CD33B /* TrackizerApp.swift in Sources */,
				DFC739E72E45F70F00871273 /* WelcomeView.swift in Sources */,
				DF11EBD02E47574600A692B4 /* StatusButtonView.swift in Sources */,
				DFE61D112E46414F00162F24 /* RoundTextFieldView.swift in Sources */,
				DFB1764E2E46695600467241 /* MainTabView.swift in Sources */,
				DF11EBC72E47463700A692B4 /* SubscriptionModel.swift in Sources */,
			);
			runOnlyForDeploymentPostprocessing = 0;
		};
/* End PBXSourcesBuildPhase section */

/* Begin XCBuildConfiguration section */
		DF8CC2F82E3CDE09007CD33B /* Debug */ = {
			isa = XCBuildConfiguration;
			buildSettings = {
				ALWAYS_SEARCH_USER_PATHS = NO;
				ASSETCATALOG_COMPILER_GENERATE_SWIFT_ASSET_SYMBOL_EXTENSIONS = YES;
				CLANG_ANALYZER_NONNULL = YES;
				CLANG_ANALYZER_NUMBER_OBJECT_CONVERSION = YES_AGGRESSIVE;
				CLANG_CXX_LANGUAGE_STANDARD = "gnu++20";
				CLANG_ENABLE_MODULES = YES;
				CLANG_ENABLE_OBJC_ARC = YES;
				CLANG_ENABLE_OBJC_WEAK = YES;
				CLANG_WARN_BLOCK_CAPTURE_AUTORELEASING = YES;
				CLANG_WARN_BOOL_CONVERSION = YES;
				CLANG_WARN_COMMA = YES;
				CLANG_WARN_CONSTANT_CONVERSION = YES;
				CLANG_WARN_DEPRECATED_OBJC_IMPLEMENTATIONS = YES;
				CLANG_WARN_DIRECT_OBJC_ISA_USAGE = YES_ERROR;
				CLANG_WARN_DOCUMENTATION_COMMENTS = YES;
				CLANG_WARN_EMPTY_BODY = YES;
				CLANG_WARN_ENUM_CONVERSION = YES;
				CLANG_WARN_INFINITE_RECURSION = YES;
				CLANG_WARN_INT_CONVERSION = YES;
				CLANG_WARN_NON_LITERAL_NULL_CONVERSION = YES;
				CLANG_WARN_OBJC_IMPLICIT_RETAIN_SELF = YES;
				CLANG_WARN_OBJC_LITERAL_CONVERSION = YES;
				CLANG_WARN_OBJC_ROOT_CLASS = YES_ERROR;
				CLANG_WARN_QUOTED_INCLUDE_IN_FRAMEWORK_HEADER = YES;
				CLANG_WARN_RANGE_LOOP_ANALYSIS = YES;
				CLANG_WARN_STRICT_PROTOTYPES = YES;
				CLANG_WARN_SUSPICIOUS_MOVE = YES;
				CLANG_WARN_UNGUARDED_AVAILABILITY = YES_AGGRESSIVE;
				CLANG_WARN_UNREACHABLE_CODE = YES;
				CLANG_WARN__DUPLICATE_METHOD_MATCH = YES;
				COPY_PHASE_STRIP = NO;
				DEBUG_INFORMATION_FORMAT = dwarf;
				ENABLE_STRICT_OBJC_MSGSEND = YES;
				ENABLE_TESTABILITY = YES;
				ENABLE_USER_SCRIPT_SANDBOXING = YES;
				GCC_C_LANGUAGE_STANDARD = gnu17;
				GCC_DYNAMIC_NO_PIC = NO;
				GCC_NO_COMMON_BLOCKS = YES;
				GCC_OPTIMIZATION_LEVEL = 0;
				GCC_PREPROCESSOR_DEFINITIONS = (
					"DEBUG=1",
					"$(inherited)",
				);
				GCC_WARN_64_TO_32_BIT_CONVERSION = YES;
				GCC_WARN_ABOUT_RETURN_TYPE = YES_ERROR;
				GCC_WARN_UNDECLARED_SELECTOR = YES;
				GCC_WARN_UNINITIALIZED_AUTOS = YES_AGGRESSIVE;
				GCC_WARN_UNUSED_FUNCTION = YES;
				GCC_WARN_UNUSED_VARIABLE = YES;
				IPHONEOS_DEPLOYMENT_TARGET = 17.5;
				LOCALIZATION_PREFERS_STRING_CATALOGS = YES;
				MTL_ENABLE_DEBUG_INFO = INCLUDE_SOURCE;
				MTL_FAST_MATH = YES;
				ONLY_ACTIVE_ARCH = YES;
				SDKROOT = iphoneos;
				SWIFT_ACTIVE_COMPILATION_CONDITIONS = "DEBUG $(inherited)";
				SWIFT_OPTIMIZATION_LEVEL = "-Onone";
			};
			name = Debug;
		};
		DF8CC2F92E3CDE09007CD33B /* Release */ = {
			isa = XCBuildConfiguration;
			buildSettings = {
				ALWAYS_SEARCH_USER_PATHS = NO;
				ASSETCATALOG_COMPILER_GENERATE_SWIFT_ASSET_SYMBOL_EXTENSIONS = YES;
				CLANG_ANALYZER_NONNULL = YES;
				CLANG_ANALYZER_NUMBER_OBJECT_CONVERSION = YES_AGGRESSIVE;
				CLANG_CXX_LANGUAGE_STANDARD = "gnu++20";
				CLANG_ENABLE_MODULES = YES;
				CLANG_ENABLE_OBJC_ARC = YES;
				CLANG_ENABLE_OBJC_WEAK = YES;
				CLANG_WARN_BLOCK_CAPTURE_AUTORELEASING = YES;
				CLANG_WARN_BOOL_CONVERSION = YES;
				CLANG_WARN_COMMA = YES;
				CLANG_WARN_CONSTANT_CONVERSION = YES;
				CLANG_WARN_DEPRECATED_OBJC_IMPLEMENTATIONS = YES;
				CLANG_WARN_DIRECT_OBJC_ISA_USAGE = YES_ERROR;
				CLANG_WARN_DOCUMENTATION_COMMENTS = YES;
				CLANG_WARN_EMPTY_BODY = YES;
				CLANG_WARN_ENUM_CONVERSION = YES;
				CLANG_WARN_INFINITE_RECURSION = YES;
				CLANG_WARN_INT_CONVERSION = YES;
				CLANG_WARN_NON_LITERAL_NULL_CONVERSION = YES;
				CLANG_WARN_OBJC_IMPLICIT_RETAIN_SELF = YES;
				CLANG_WARN_OBJC_LITERAL_CONVERSION = YES;
				CLANG_WARN_OBJC_ROOT_CLASS = YES_ERROR;
				CLANG_WARN_QUOTED_INCLUDE_IN_FRAMEWORK_HEADER = YES;
				CLANG_WARN_RANGE_LOOP_ANALYSIS = YES;
				CLANG_WARN_STRICT_PROTOTYPES = YES;
				CLANG_WARN_SUSPICIOUS_MOVE = YES;
				CLANG_WARN_UNGUARDED_AVAILABILITY = YES_AGGRESSIVE;
				CLANG_WARN_UNREACHABLE_CODE = YES;
				CLANG_WARN__DUPLICATE_METHOD_MATCH = YES;
				COPY_PHASE_STRIP = NO;
				DEBUG_INFORMATION_FORMAT = "dwarf-with-dsym";
				ENABLE_NS_ASSERTIONS = NO;
				ENABLE_STRICT_OBJC_MSGSEND = YES;
				ENABLE_USER_SCRIPT_SANDBOXING = YES;
				GCC_C_LANGUAGE_STANDARD = gnu17;
				GCC_NO_COMMON_BLOCKS = YES;
				GCC_WARN_64_TO_32_BIT_CONVERSION = YES;
				GCC_WARN_ABOUT_RETURN_TYPE = YES_ERROR;
				GCC_WARN_UNDECLARED_SELECTOR = YES;
				GCC_WARN_UNINITIALIZED_AUTOS = YES_AGGRESSIVE;
				GCC_WARN_UNUSED_FUNCTION = YES;
				GCC_WARN_UNUSED_VARIABLE = YES;
				IPHONEOS_DEPLOYMENT_TARGET = 17.5;
				LOCALIZATION_PREFERS_STRING_CATALOGS = YES;
				MTL_ENABLE_DEBUG_INFO = NO;
				MTL_FAST_MATH = YES;
				SDKROOT = iphoneos;
				SWIFT_COMPILATION_MODE = wholemodule;
				VALIDATE_PRODUCT = YES;
			};
			name = Release;
		};
		DF8CC2FB2E3CDE09007CD33B /* Debug */ = {
			isa = XCBuildConfiguration;
			buildSettings = {
				ASSETCATALOG_COMPILER_APPICON_NAME = AppIcon;
				ASSETCATALOG_COMPILER_GLOBAL_ACCENT_COLOR_NAME = AccentColor;
				CODE_SIGN_STYLE = Automatic;
				CURRENT_PROJECT_VERSION = 1;
				DEVELOPMENT_ASSET_PATHS = "\"Trackizer/Preview Content\"";
				ENABLE_PREVIEWS = YES;
				GENERATE_INFOPLIST_FILE = YES;
				INFOPLIST_FILE = Trackizer/Info.plist;
				INFOPLIST_KEY_UIApplicationSceneManifest_Generation = YES;
				INFOPLIST_KEY_UIApplicationSupportsIndirectInputEvents = YES;
				INFOPLIST_KEY_UILaunchScreen_Generation = YES;
				INFOPLIST_KEY_UISupportedInterfaceOrientations_iPad = "UIInterfaceOrientationPortrait UIInterfaceOrientationPortraitUpsideDown UIInterfaceOrientationLandscapeLeft UIInterfaceOrientationLandscapeRight";
				INFOPLIST_KEY_UISupportedInterfaceOrientations_iPhone = "UIInterfaceOrientationPortrait UIInterfaceOrientationLandscapeLeft UIInterfaceOrientationLandscapeRight";
				LD_RUNPATH_SEARCH_PATHS = (
					"$(inherited)",
					"@executable_path/Frameworks",
				);
				MARKETING_VERSION = 1.0;
				PRODUCT_BUNDLE_IDENTIFIER = me.ozmus.enes.Trackizer;
				PRODUCT_NAME = "$(TARGET_NAME)";
				SWIFT_EMIT_LOC_STRINGS = YES;
				SWIFT_VERSION = 5.0;
				TARGETED_DEVICE_FAMILY = "1,2";
			};
			name = Debug;
		};
		DF8CC2FC2E3CDE09007CD33B /* Release */ = {
			isa = XCBuildConfiguration;
			buildSettings = {
				ASSETCATALOG_COMPILER_APPICON_NAME = AppIcon;
				ASSETCATALOG_COMPILER_GLOBAL_ACCENT_COLOR_NAME = AccentColor;
				CODE_SIGN_STYLE = Automatic;
				CURRENT_PROJECT_VERSION = 1;
				DEVELOPMENT_ASSET_PATHS = "\"Trackizer/Preview Content\"";
				ENABLE_PREVIEWS = YES;
				GENERATE_INFOPLIST_FILE = YES;
				INFOPLIST_FILE = Trackizer/Info.plist;
				INFOPLIST_KEY_UIApplicationSceneManifest_Generation = YES;
				INFOPLIST_KEY_UIApplicationSupportsIndirectInputEvents = YES;
				INFOPLIST_KEY_UILaunchScreen_Generation = YES;
				INFOPLIST_KEY_UISupportedInterfaceOrientations_iPad = "UIInterfaceOrientationPortrait UIInterfaceOrientationPortraitUpsideDown UIInterfaceOrientationLandscapeLeft UIInterfaceOrientationLandscapeRight";
				INFOPLIST_KEY_UISupportedInterfaceOrientations_iPhone = "UIInterfaceOrientationPortrait UIInterfaceOrientationLandscapeLeft UIInterfaceOrientationLandscapeRight";
				LD_RUNPATH_SEARCH_PATHS = (
					"$(inherited)",
					"@executable_path/Frameworks",
				);
				MARKETING_VERSION = 1.0;
				PRODUCT_BUNDLE_IDENTIFIER = me.ozmus.enes.Trackizer;
				PRODUCT_NAME = "$(TARGET_NAME)";
				SWIFT_EMIT_LOC_STRINGS = YES;
				SWIFT_VERSION = 5.0;
				TARGETED_DEVICE_FAMILY = "1,2";
			};
			name = Release;
		};
/* End XCBuildConfiguration section */

/* Begin XCConfigurationList section */
		DF8CC2E72E3CDE08007CD33B /* Build configuration list for PBXProject "Trackizer" */ = {
			isa = XCConfigurationList;
			buildConfigurations = (
				DF8CC2F82E3CDE09007CD33B /* Debug */,
				DF8CC2F92E3CDE09007CD33B /* Release */,
			);
			defaultConfigurationIsVisible = 0;
			defaultConfigurationName = Release;
		};
		DF8CC2FA2E3CDE09007CD33B /* Build configuration list for PBXNativeTarget "Trackizer" */ = {
			isa = XCConfigurationList;
			buildConfigurations = (
				DF8CC2FB2E3CDE09007CD33B /* Debug */,
				DF8CC2FC2E3CDE09007CD33B /* Release */,
			);
			defaultConfigurationIsVisible = 0;
			defaultConfigurationName = Release;
		};
/* End XCConfigurationList section */
	};
	rootObject = DF8CC2E42E3CDE08007CD33B /* Project object */;
}
